// !$*UTF8*$!
{
	archiveVersion = 1;
	classes = {
	};
	objectVersion = 46;
	objects = {

/* Begin PBXBuildFile section */
		E81094521E8FB6490095D931 /* AppDelegate.swift in Sources */ = {isa = PBXBuildFile; fileRef = E81094511E8FB6490095D931 /* AppDelegate.swift */; };
		E81094571E8FB6490095D931 /* Main.storyboard in Resources */ = {isa = PBXBuildFile; fileRef = E81094551E8FB6490095D931 /* Main.storyboard */; };
		E81094591E8FB6490095D931 /* Assets.xcassets in Resources */ = {isa = PBXBuildFile; fileRef = E81094581E8FB6490095D931 /* Assets.xcassets */; };
		E810945C1E8FB6490095D931 /* LaunchScreen.storyboard in Resources */ = {isa = PBXBuildFile; fileRef = E810945A1E8FB6490095D931 /* LaunchScreen.storyboard */; };
		E81094671E8FB6490095D931 /* VpnPhoneTests.swift in Sources */ = {isa = PBXBuildFile; fileRef = E81094661E8FB6490095D931 /* VpnPhoneTests.swift */; };
		E81094731E8FBC880095D931 /* NetworkExtension.framework in Frameworks */ = {isa = PBXBuildFile; fileRef = E81094721E8FBC880095D931 /* NetworkExtension.framework */; };
		E81094781E8FE10B0095D931 /* ConfigurationTableViewController.swift in Sources */ = {isa = PBXBuildFile; fileRef = E81094771E8FE10B0095D931 /* ConfigurationTableViewController.swift */; };
		E810947C1E8FE2D40095D931 /* VpnConfiguration.swift in Sources */ = {isa = PBXBuildFile; fileRef = E810947B1E8FE2D40095D931 /* VpnConfiguration.swift */; };
		E810947E1E8FE3AA0095D931 /* ConfigurationTableDataSource.swift in Sources */ = {isa = PBXBuildFile; fileRef = E810947D1E8FE3AA0095D931 /* ConfigurationTableDataSource.swift */; };
		E81094821E8FF02B0095D931 /* ConfigurationViewController.swift in Sources */ = {isa = PBXBuildFile; fileRef = E81094811E8FF02B0095D931 /* ConfigurationViewController.swift */; };
		E81094841E8FF1B70095D931 /* ConfigurationTableViewCell.swift in Sources */ = {isa = PBXBuildFile; fileRef = E81094831E8FF1B70095D931 /* ConfigurationTableViewCell.swift */; };
		E829BD5D1E92F2AD009E8DAC /* ServerAddressViewController.swift in Sources */ = {isa = PBXBuildFile; fileRef = E829BD5C1E92F2AD009E8DAC /* ServerAddressViewController.swift */; };
		E8D3D1A81E8FF47500E2C656 /* ApplicationInitializer.swift in Sources */ = {isa = PBXBuildFile; fileRef = E810947F1E8FE4280095D931 /* ApplicationInitializer.swift */; };
/* End PBXBuildFile section */

/* Begin PBXContainerItemProxy section */
		E81094631E8FB6490095D931 /* PBXContainerItemProxy */ = {
			isa = PBXContainerItemProxy;
			containerPortal = E81094461E8FB6490095D931 /* Project object */;
			proxyType = 1;
			remoteGlobalIDString = E810944D1E8FB6490095D931;
			remoteInfo = VpnPhone;
		};
/* End PBXContainerItemProxy section */

/* Begin PBXFileReference section */
		E810944E1E8FB6490095D931 /* VpnPhone.app */ = {isa = PBXFileReference; explicitFileType = wrapper.application; includeInIndex = 0; path = VpnPhone.app; sourceTree = BUILT_PRODUCTS_DIR; };
		E81094511E8FB6490095D931 /* AppDelegate.swift */ = {isa = PBXFileReference; lastKnownFileType = sourcecode.swift; path = AppDelegate.swift; sourceTree = "<group>"; };
		E81094561E8FB6490095D931 /* Base */ = {isa = PBXFileReference; lastKnownFileType = file.storyboard; name = Base; path = Base.lproj/Main.storyboard; sourceTree = "<group>"; };
		E81094581E8FB6490095D931 /* Assets.xcassets */ = {isa = PBXFileReference; lastKnownFileType = folder.assetcatalog; path = Assets.xcassets; sourceTree = "<group>"; };
		E810945B1E8FB6490095D931 /* Base */ = {isa = PBXFileReference; lastKnownFileType = file.storyboard; name = Base; path = Base.lproj/LaunchScreen.storyboard; sourceTree = "<group>"; };
		E810945D1E8FB6490095D931 /* Info.plist */ = {isa = PBXFileReference; lastKnownFileType = text.plist.xml; path = Info.plist; sourceTree = "<group>"; };
		E81094621E8FB6490095D931 /* VpnPhoneTests.xctest */ = {isa = PBXFileReference; explicitFileType = wrapper.cfbundle; includeInIndex = 0; path = VpnPhoneTests.xctest; sourceTree = BUILT_PRODUCTS_DIR; };
		E81094661E8FB6490095D931 /* VpnPhoneTests.swift */ = {isa = PBXFileReference; lastKnownFileType = sourcecode.swift; path = VpnPhoneTests.swift; sourceTree = "<group>"; };
		E81094681E8FB6490095D931 /* Info.plist */ = {isa = PBXFileReference; lastKnownFileType = text.plist.xml; path = Info.plist; sourceTree = "<group>"; };
		E81094721E8FBC880095D931 /* NetworkExtension.framework */ = {isa = PBXFileReference; lastKnownFileType = wrapper.framework; name = NetworkExtension.framework; path = System/Library/Frameworks/NetworkExtension.framework; sourceTree = SDKROOT; };
		E81094741E8FBC880095D931 /* VpnPhone.entitlements */ = {isa = PBXFileReference; lastKnownFileType = text.plist.entitlements; path = VpnPhone.entitlements; sourceTree = "<group>"; };
		E81094771E8FE10B0095D931 /* ConfigurationTableViewController.swift */ = {isa = PBXFileReference; fileEncoding = 4; lastKnownFileType = sourcecode.swift; path = ConfigurationTableViewController.swift; sourceTree = "<group>"; };
		E810947B1E8FE2D40095D931 /* VpnConfiguration.swift */ = {isa = PBXFileReference; fileEncoding = 4; lastKnownFileType = sourcecode.swift; path = VpnConfiguration.swift; sourceTree = "<group>"; };
		E810947D1E8FE3AA0095D931 /* ConfigurationTableDataSource.swift */ = {isa = PBXFileReference; fileEncoding = 4; lastKnownFileType = sourcecode.swift; path = ConfigurationTableDataSource.swift; sourceTree = "<group>"; };
		E810947F1E8FE4280095D931 /* ApplicationInitializer.swift */ = {isa = PBXFileReference; fileEncoding = 4; lastKnownFileType = sourcecode.swift; path = ApplicationInitializer.swift; sourceTree = "<group>"; };
		E81094811E8FF02B0095D931 /* ConfigurationViewController.swift */ = {isa = PBXFileReference; fileEncoding = 4; lastKnownFileType = sourcecode.swift; path = ConfigurationViewController.swift; sourceTree = "<group>"; };
		E81094831E8FF1B70095D931 /* ConfigurationTableViewCell.swift */ = {isa = PBXFileReference; fileEncoding = 4; lastKnownFileType = sourcecode.swift; path = ConfigurationTableViewCell.swift; sourceTree = "<group>"; };
		E829BD5C1E92F2AD009E8DAC /* ServerAddressViewController.swift */ = {isa = PBXFileReference; fileEncoding = 4; lastKnownFileType = sourcecode.swift; path = ServerAddressViewController.swift; sourceTree = "<group>"; };
/* End PBXFileReference section */

/* Begin PBXFrameworksBuildPhase section */
		E810944B1E8FB6490095D931 /* Frameworks */ = {
			isa = PBXFrameworksBuildPhase;
			buildActionMask = 2147483647;
			files = (
				E81094731E8FBC880095D931 /* NetworkExtension.framework in Frameworks */,
			);
			runOnlyForDeploymentPostprocessing = 0;
		};
		E810945F1E8FB6490095D931 /* Frameworks */ = {
			isa = PBXFrameworksBuildPhase;
			buildActionMask = 2147483647;
			files = (
			);
			runOnlyForDeploymentPostprocessing = 0;
		};
/* End PBXFrameworksBuildPhase section */

/* Begin PBXGroup section */
		E81094451E8FB6490095D931 = {
			isa = PBXGroup;
			children = (
				E81094501E8FB6490095D931 /* VpnPhone */,
				E81094651E8FB6490095D931 /* VpnPhoneTests */,
				E810944F1E8FB6490095D931 /* Products */,
				E81094711E8FBC880095D931 /* Frameworks */,
			);
			sourceTree = "<group>";
		};
		E810944F1E8FB6490095D931 /* Products */ = {
			isa = PBXGroup;
			children = (
				E810944E1E8FB6490095D931 /* VpnPhone.app */,
				E81094621E8FB6490095D931 /* VpnPhoneTests.xctest */,
			);
			name = Products;
			sourceTree = "<group>";
		};
		E81094501E8FB6490095D931 /* VpnPhone */ = {
			isa = PBXGroup;
			children = (
				E81094511E8FB6490095D931 /* AppDelegate.swift */,
				E810947F1E8FE4280095D931 /* ApplicationInitializer.swift */,
				E810947D1E8FE3AA0095D931 /* ConfigurationTableDataSource.swift */,
				E81094831E8FF1B70095D931 /* ConfigurationTableViewCell.swift */,
				E81094771E8FE10B0095D931 /* ConfigurationTableViewController.swift */,
				E81094811E8FF02B0095D931 /* ConfigurationViewController.swift */,
				E829BD5C1E92F2AD009E8DAC /* ServerAddressViewController.swift */,
				E810947B1E8FE2D40095D931 /* VpnConfiguration.swift */,
				E81094791E8FE26D0095D931 /* Resources */,
				E810947A1E8FE2750095D931 /* Misc */,
			);
			path = VpnPhone;
			sourceTree = "<group>";
		};
		E81094651E8FB6490095D931 /* VpnPhoneTests */ = {
			isa = PBXGroup;
			children = (
				E81094661E8FB6490095D931 /* VpnPhoneTests.swift */,
				E81094681E8FB6490095D931 /* Info.plist */,
			);
			path = VpnPhoneTests;
			sourceTree = "<group>";
		};
		E81094711E8FBC880095D931 /* Frameworks */ = {
			isa = PBXGroup;
			children = (
				E81094721E8FBC880095D931 /* NetworkExtension.framework */,
			);
			name = Frameworks;
			sourceTree = "<group>";
		};
		E81094791E8FE26D0095D931 /* Resources */ = {
			isa = PBXGroup;
			children = (
				E81094551E8FB6490095D931 /* Main.storyboard */,
				E810945A1E8FB6490095D931 /* LaunchScreen.storyboard */,
				E81094581E8FB6490095D931 /* Assets.xcassets */,
			);
			name = Resources;
			sourceTree = "<group>";
		};
		E810947A1E8FE2750095D931 /* Misc */ = {
			isa = PBXGroup;
			children = (
				E810945D1E8FB6490095D931 /* Info.plist */,
				E81094741E8FBC880095D931 /* VpnPhone.entitlements */,
			);
			name = Misc;
			sourceTree = "<group>";
		};
/* End PBXGroup section */

/* Begin PBXNativeTarget section */
		E810944D1E8FB6490095D931 /* VpnPhone */ = {
			isa = PBXNativeTarget;
			buildConfigurationList = E810946B1E8FB6490095D931 /* Build configuration list for PBXNativeTarget "VpnPhone" */;
			buildPhases = (
				E81094851E8FF3750095D931 /* Swift Lint */,
				E810944A1E8FB6490095D931 /* Sources */,
				E810944B1E8FB6490095D931 /* Frameworks */,
				E810944C1E8FB6490095D931 /* Resources */,
			);
			buildRules = (
			);
			dependencies = (
			);
			name = VpnPhone;
			productName = VpnPhone;
			productReference = E810944E1E8FB6490095D931 /* VpnPhone.app */;
			productType = "com.apple.product-type.application";
		};
		E81094611E8FB6490095D931 /* VpnPhoneTests */ = {
			isa = PBXNativeTarget;
			buildConfigurationList = E810946E1E8FB6490095D931 /* Build configuration list for PBXNativeTarget "VpnPhoneTests" */;
			buildPhases = (
				E810945E1E8FB6490095D931 /* Sources */,
				E810945F1E8FB6490095D931 /* Frameworks */,
				E81094601E8FB6490095D931 /* Resources */,
			);
			buildRules = (
			);
			dependencies = (
				E81094641E8FB6490095D931 /* PBXTargetDependency */,
			);
			name = VpnPhoneTests;
			productName = VpnPhoneTests;
			productReference = E81094621E8FB6490095D931 /* VpnPhoneTests.xctest */;
			productType = "com.apple.product-type.bundle.unit-test";
		};
/* End PBXNativeTarget section */

/* Begin PBXProject section */
		E81094461E8FB6490095D931 /* Project object */ = {
			isa = PBXProject;
			attributes = {
				LastSwiftUpdateCheck = 0830;
				LastUpgradeCheck = 0830;
				ORGANIZATIONNAME = "Anton Pomozov";
				TargetAttributes = {
					E810944D1E8FB6490095D931 = {
						CreatedOnToolsVersion = 8.3;
						DevelopmentTeam = 8ESG37HXHW;
						ProvisioningStyle = Automatic;
						SystemCapabilities = {
							com.apple.VPNLite = {
								enabled = 1;
							};
						};
					};
					E81094611E8FB6490095D931 = {
						CreatedOnToolsVersion = 8.3;
						DevelopmentTeam = S2MSZQUH3H;
						ProvisioningStyle = Automatic;
						TestTargetID = E810944D1E8FB6490095D931;
					};
				};
			};
			buildConfigurationList = E81094491E8FB6490095D931 /* Build configuration list for PBXProject "VpnPhone" */;
			compatibilityVersion = "Xcode 3.2";
			developmentRegion = English;
			hasScannedForEncodings = 0;
			knownRegions = (
				en,
				Base,
			);
			mainGroup = E81094451E8FB6490095D931;
			productRefGroup = E810944F1E8FB6490095D931 /* Products */;
			projectDirPath = "";
			projectRoot = "";
			targets = (
				E810944D1E8FB6490095D931 /* VpnPhone */,
				E81094611E8FB6490095D931 /* VpnPhoneTests */,
			);
		};
/* End PBXProject section */

/* Begin PBXResourcesBuildPhase section */
		E810944C1E8FB6490095D931 /* Resources */ = {
			isa = PBXResourcesBuildPhase;
			buildActionMask = 2147483647;
			files = (
				E810945C1E8FB6490095D931 /* LaunchScreen.storyboard in Resources */,
				E81094591E8FB6490095D931 /* Assets.xcassets in Resources */,
				E81094571E8FB6490095D931 /* Main.storyboard in Resources */,
			);
			runOnlyForDeploymentPostprocessing = 0;
		};
		E81094601E8FB6490095D931 /* Resources */ = {
			isa = PBXResourcesBuildPhase;
			buildActionMask = 2147483647;
			files = (
			);
			runOnlyForDeploymentPostprocessing = 0;
		};
/* End PBXResourcesBuildPhase section */

/* Begin PBXShellScriptBuildPhase section */
		E81094851E8FF3750095D931 /* Swift Lint */ = {
			isa = PBXShellScriptBuildPhase;
			buildActionMask = 2147483647;
			files = (
			);
			inputPaths = (
			);
			name = "Swift Lint";
			outputPaths = (
			);
			runOnlyForDeploymentPostprocessing = 0;
			shellPath = /bin/sh;
			shellScript = "if which swiftlint >/dev/null; then\n    swiftlint\nelse\n    echo \"warning: SwiftLint not installed, download from https://github.com/realm/SwiftLint\"\nfi";
			showEnvVarsInLog = 0;
		};
/* End PBXShellScriptBuildPhase section */

/* Begin PBXSourcesBuildPhase section */
		E810944A1E8FB6490095D931 /* Sources */ = {
			isa = PBXSourcesBuildPhase;
			buildActionMask = 2147483647;
			files = (
				E829BD5D1E92F2AD009E8DAC /* ServerAddressViewController.swift in Sources */,
				E810947E1E8FE3AA0095D931 /* ConfigurationTableDataSource.swift in Sources */,
				E8D3D1A81E8FF47500E2C656 /* ApplicationInitializer.swift in Sources */,
				E81094841E8FF1B70095D931 /* ConfigurationTableViewCell.swift in Sources */,
				E81094781E8FE10B0095D931 /* ConfigurationTableViewController.swift in Sources */,
				E81094521E8FB6490095D931 /* AppDelegate.swift in Sources */,
				E810947C1E8FE2D40095D931 /* VpnConfiguration.swift in Sources */,
				E81094821E8FF02B0095D931 /* ConfigurationViewController.swift in Sources */,
			);
			runOnlyForDeploymentPostprocessing = 0;
		};
		E810945E1E8FB6490095D931 /* Sources */ = {
			isa = PBXSourcesBuildPhase;
			buildActionMask = 2147483647;
			files = (
				E81094671E8FB6490095D931 /* VpnPhoneTests.swift in Sources */,
			);
			runOnlyForDeploymentPostprocessing = 0;
		};
/* End PBXSourcesBuildPhase section */

/* Begin PBXTargetDependency section */
		E81094641E8FB6490095D931 /* PBXTargetDependency */ = {
			isa = PBXTargetDependency;
			target = E810944D1E8FB6490095D931 /* VpnPhone */;
			targetProxy = E81094631E8FB6490095D931 /* PBXContainerItemProxy */;
		};
/* End PBXTargetDependency section */

/* Begin PBXVariantGroup section */
		E81094551E8FB6490095D931 /* Main.storyboard */ = {
			isa = PBXVariantGroup;
			children = (
				E81094561E8FB6490095D931 /* Base */,
			);
			name = Main.storyboard;
			sourceTree = "<group>";
		};
		E810945A1E8FB6490095D931 /* LaunchScreen.storyboard */ = {
			isa = PBXVariantGroup;
			children = (
				E810945B1E8FB6490095D931 /* Base */,
			);
			name = LaunchScreen.storyboard;
			sourceTree = "<group>";
		};
/* End PBXVariantGroup section */

/* Begin XCBuildConfiguration section */
		E81094691E8FB6490095D931 /* Debug */ = {
			isa = XCBuildConfiguration;
			buildSettings = {
				ALWAYS_SEARCH_USER_PATHS = NO;
				CLANG_ANALYZER_NONNULL = YES;
				CLANG_ANALYZER_NUMBER_OBJECT_CONVERSION = YES_AGGRESSIVE;
				CLANG_CXX_LANGUAGE_STANDARD = "gnu++0x";
				CLANG_CXX_LIBRARY = "libc++";
				CLANG_ENABLE_MODULES = YES;
				CLANG_ENABLE_OBJC_ARC = YES;
				CLANG_WARN_BOOL_CONVERSION = YES;
				CLANG_WARN_CONSTANT_CONVERSION = YES;
				CLANG_WARN_DIRECT_OBJC_ISA_USAGE = YES_ERROR;
				CLANG_WARN_DOCUMENTATION_COMMENTS = YES;
				CLANG_WARN_EMPTY_BODY = YES;
				CLANG_WARN_ENUM_CONVERSION = YES;
				CLANG_WARN_INFINITE_RECURSION = YES;
				CLANG_WARN_INT_CONVERSION = YES;
				CLANG_WARN_OBJC_ROOT_CLASS = YES_ERROR;
				CLANG_WARN_SUSPICIOUS_MOVE = YES;
				CLANG_WARN_UNREACHABLE_CODE = YES;
				CLANG_WARN__DUPLICATE_METHOD_MATCH = YES;
				"CODE_SIGN_IDENTITY[sdk=iphoneos*]" = "iPhone Developer";
				COPY_PHASE_STRIP = NO;
				DEBUG_INFORMATION_FORMAT = dwarf;
				ENABLE_STRICT_OBJC_MSGSEND = YES;
				ENABLE_TESTABILITY = YES;
				GCC_C_LANGUAGE_STANDARD = gnu99;
				GCC_DYNAMIC_NO_PIC = NO;
				GCC_NO_COMMON_BLOCKS = YES;
				GCC_OPTIMIZATION_LEVEL = 0;
				GCC_PREPROCESSOR_DEFINITIONS = (
					"DEBUG=1",
					"$(inherited)",
				);
				GCC_WARN_64_TO_32_BIT_CONVERSION = YES;
				GCC_WARN_ABOUT_RETURN_TYPE = YES_ERROR;
				GCC_WARN_UNDECLARED_SELECTOR = YES;
				GCC_WARN_UNINITIALIZED_AUTOS = YES_AGGRESSIVE;
				GCC_WARN_UNUSED_FUNCTION = YES;
				GCC_WARN_UNUSED_VARIABLE = YES;
				IPHONEOS_DEPLOYMENT_TARGET = 10.3;
				MTL_ENABLE_DEBUG_INFO = YES;
				ONLY_ACTIVE_ARCH = YES;
				SDKROOT = iphoneos;
				SWIFT_ACTIVE_COMPILATION_CONDITIONS = DEBUG;
				SWIFT_OPTIMIZATION_LEVEL = "-Onone";
				TARGETED_DEVICE_FAMILY = "1,2";
			};
			name = Debug;
		};
		E810946A1E8FB6490095D931 /* Release */ = {
			isa = XCBuildConfiguration;
			buildSettings = {
				ALWAYS_SEARCH_USER_PATHS = NO;
				CLANG_ANALYZER_NONNULL = YES;
				CLANG_ANALYZER_NUMBER_OBJECT_CONVERSION = YES_AGGRESSIVE;
				CLANG_CXX_LANGUAGE_STANDARD = "gnu++0x";
				CLANG_CXX_LIBRARY = "libc++";
				CLANG_ENABLE_MODULES = YES;
				CLANG_ENABLE_OBJC_ARC = YES;
				CLANG_WARN_BOOL_CONVERSION = YES;
				CLANG_WARN_CONSTANT_CONVERSION = YES;
				CLANG_WARN_DIRECT_OBJC_ISA_USAGE = YES_ERROR;
				CLANG_WARN_DOCUMENTATION_COMMENTS = YES;
				CLANG_WARN_EMPTY_BODY = YES;
				CLANG_WARN_ENUM_CONVERSION = YES;
				CLANG_WARN_INFINITE_RECURSION = YES;
				CLANG_WARN_INT_CONVERSION = YES;
				CLANG_WARN_OBJC_ROOT_CLASS = YES_ERROR;
				CLANG_WARN_SUSPICIOUS_MOVE = YES;
				CLANG_WARN_UNREACHABLE_CODE = YES;
				CLANG_WARN__DUPLICATE_METHOD_MATCH = YES;
				"CODE_SIGN_IDENTITY[sdk=iphoneos*]" = "iPhone Developer";
				COPY_PHASE_STRIP = NO;
				DEBUG_INFORMATION_FORMAT = "dwarf-with-dsym";
				ENABLE_NS_ASSERTIONS = NO;
				ENABLE_STRICT_OBJC_MSGSEND = YES;
				GCC_C_LANGUAGE_STANDARD = gnu99;
				GCC_NO_COMMON_BLOCKS = YES;
				GCC_WARN_64_TO_32_BIT_CONVERSION = YES;
				GCC_WARN_ABOUT_RETURN_TYPE = YES_ERROR;
				GCC_WARN_UNDECLARED_SELECTOR = YES;
				GCC_WARN_UNINITIALIZED_AUTOS = YES_AGGRESSIVE;
				GCC_WARN_UNUSED_FUNCTION = YES;
				GCC_WARN_UNUSED_VARIABLE = YES;
				IPHONEOS_DEPLOYMENT_TARGET = 10.3;
				MTL_ENABLE_DEBUG_INFO = NO;
				SDKROOT = iphoneos;
				SWIFT_OPTIMIZATION_LEVEL = "-Owholemodule";
				TARGETED_DEVICE_FAMILY = "1,2";
				VALIDATE_PRODUCT = YES;
			};
			name = Release;
		};
		E810946C1E8FB6490095D931 /* Debug */ = {
			isa = XCBuildConfiguration;
			buildSettings = {
				ASSETCATALOG_COMPILER_APPICON_NAME = AppIcon;
				CODE_SIGN_ENTITLEMENTS = VpnPhone/VpnPhone.entitlements;
				"CODE_SIGN_IDENTITY[sdk=iphoneos*]" = "iPhone Developer";
				DEVELOPMENT_TEAM = 8ESG37HXHW;
				INFOPLIST_FILE = VpnPhone/Info.plist;
				LD_RUNPATH_SEARCH_PATHS = "$(inherited) @executable_path/Frameworks";
				PRODUCT_BUNDLE_IDENTIFIER = local.none.vpn.manager;
				PRODUCT_NAME = "$(TARGET_NAME)";
				PROVISIONING_PROFILE_SPECIFIER = "";
				SWIFT_VERSION = 3.0;
			};
			name = Debug;
		};
		E810946D1E8FB6490095D931 /* Release */ = {
			isa = XCBuildConfiguration;
			buildSettings = {
				ASSETCATALOG_COMPILER_APPICON_NAME = AppIcon;
				CODE_SIGN_ENTITLEMENTS = VpnPhone/VpnPhone.entitlements;
				"CODE_SIGN_IDENTITY[sdk=iphoneos*]" = "iPhone Developer";
				DEVELOPMENT_TEAM = 8ESG37HXHW;
				INFOPLIST_FILE = VpnPhone/Info.plist;
				LD_RUNPATH_SEARCH_PATHS = "$(inherited) @executable_path/Frameworks";
				PRODUCT_BUNDLE_IDENTIFIER = local.none.vpn.manager;
				PRODUCT_NAME = "$(TARGET_NAME)";
				PROVISIONING_PROFILE_SPECIFIER = "";
				SWIFT_VERSION = 3.0;
			};
			name = Release;
		};
		E810946F1E8FB6490095D931 /* Debug */ = {
			isa = XCBuildConfiguration;
			buildSettings = {
				ALWAYS_EMBED_SWIFT_STANDARD_LIBRARIES = YES;
				BUNDLE_LOADER = "$(TEST_HOST)";
				DEVELOPMENT_TEAM = S2MSZQUH3H;
				INFOPLIST_FILE = VpnPhoneTests/Info.plist;
				LD_RUNPATH_SEARCH_PATHS = "$(inherited) @executable_path/Frameworks @loader_path/Frameworks";
				PRODUCT_BUNDLE_IDENTIFIER = ru.akademon.VpnPhoneTests;
				PRODUCT_NAME = "$(TARGET_NAME)";
				SWIFT_VERSION = 3.0;
				TEST_HOST = "$(BUILT_PRODUCTS_DIR)/VpnPhone.app/VpnPhone";
			};
			name = Debug;
		};
		E81094701E8FB6490095D931 /* Release */ = {
			isa = XCBuildConfiguration;
			buildSettings = {
				ALWAYS_EMBED_SWIFT_STANDARD_LIBRARIES = YES;
				BUNDLE_LOADER = "$(TEST_HOST)";
				DEVELOPMENT_TEAM = S2MSZQUH3H;
				INFOPLIST_FILE = VpnPhoneTests/Info.plist;
				LD_RUNPATH_SEARCH_PATHS = "$(inherited) @executable_path/Frameworks @loader_path/Frameworks";
				PRODUCT_BUNDLE_IDENTIFIER = ru.akademon.VpnPhoneTests;
				PRODUCT_NAME = "$(TARGET_NAME)";
				SWIFT_VERSION = 3.0;
				TEST_HOST = "$(BUILT_PRODUCTS_DIR)/VpnPhone.app/VpnPhone";
			};
			name = Release;
		};
/* End XCBuildConfiguration section */

/* Begin XCConfigurationList section */
		E81094491E8FB6490095D931 /* Build configuration list for PBXProject "VpnPhone" */ = {
			isa = XCConfigurationList;
			buildConfigurations = (
				E81094691E8FB6490095D931 /* Debug */,
				E810946A1E8FB6490095D931 /* Release */,
			);
			defaultConfigurationIsVisible = 0;
			defaultConfigurationName = Release;
		};
		E810946B1E8FB6490095D931 /* Build configuration list for PBXNativeTarget "VpnPhone" */ = {
			isa = XCConfigurationList;
			buildConfigurations = (
				E810946C1E8FB6490095D931 /* Debug */,
				E810946D1E8FB6490095D931 /* Release */,
			);
			defaultConfigurationIsVisible = 0;
			defaultConfigurationName = Release;
		};
		E810946E1E8FB6490095D931 /* Build configuration list for PBXNativeTarget "VpnPhoneTests" */ = {
			isa = XCConfigurationList;
			buildConfigurations = (
				E810946F1E8FB6490095D931 /* Debug */,
				E81094701E8FB6490095D931 /* Release */,
			);
			defaultConfigurationIsVisible = 0;
			defaultConfigurationName = Release;
		};
/* End XCConfigurationList section */
	};
	rootObject = E81094461E8FB6490095D931 /* Project object */;
}
